
Microsoft Visual Studio Solution File, Format Version 12.00
# Visual Studio 15
VisualStudioVersion = 15.0.27130.2010
MinimumVisualStudioVersion = 10.0.40219.1
Project("{9A19103F-16F7-4668-BE54-9A1E7A4F7556}") = "Xtra.Threading", "Xtra.Threading\Xtra.Threading.csproj", "{BA2795B9-7796-4031-9DEE-8B13DC499F3B}"
EndProject
Global
	GlobalSection(SolutionConfigurationPlatforms) = preSolution
		Debug|Any CPU = Debug|Any CPU
		Release|Any CPU = Release|Any CPU
	EndGlobalSection
	GlobalSection(ProjectConfigurationPlatforms) = postSolution
		{BA2795B9-7796-4031-9DEE-8B13DC499F3B}.Debug|Any CPU.ActiveCfg = Debug|Any CPU
		{BA2795B9-7796-4031-9DEE-8B13DC499F3B}.Debug|Any CPU.Build.0 = Debug|Any CPU
		{BA2795B9-7796-4031-9DEE-8B13DC499F3B}.Release|Any CPU.ActiveCfg = Release|Any CPU
		{BA2795B9-7796-4031-9DEE-8B13DC499F3B}.Release|Any CPU.Build.0 = Release|Any CPU
	EndGlobalSection
	GlobalSection(SolutionProperties) = preSolution
		HideSolutionNode = FALSE
	EndGlobalSection
	GlobalSection(ExtensibilityGlobals) = postSolution
		SolutionGuid = {7523F2B8-2696-418B-BB25-26FAEBA1FD8E}
	EndGlobalSection
EndGlobal
